{
  "nodes": {
    "nixpkgs": {
      "locked": {
        "lastModified": 1730381498,
        "narHash": "sha256-B38zaY/oTp2B7L7ve83o25YlkVuIQpT6/w2THn0y7ko=",
        "owner": "nixOs",
        "repo": "nixpkgs",
        "rev": "a4b0daa0e5697107ffd100e97ca9a3f3a1eff74d",
        "type": "github"
      },
      "original": {
        "owner": "nixOs",
        "repo": "nixpkgs",
        "type": "github"
      }
    },
    "root": {
      "inputs": {
        "nixpkgs": "nixpkgs"
      }
    }
  },
  "root": "root",
  "version": 7
}
