{
  "nodes": {
    "nixpkgs": {
      "locked": {
        "lastModified": 1739012801,
        "narHash": "sha256-BNwOKMBJmPVRmMDvSe/naeqEM2N5nNxgWZmXjtyUMaE=",
        "owner": "nixOs",
        "repo": "nixpkgs",
        "rev": "8ac8c80b75334ff161e89c7ad621a6436c3bd56a",
        "type": "github"
      },
      "original": {
        "owner": "nixOs",
        "repo": "nixpkgs",
        "type": "github"
      }
    },
    "root": {
      "inputs": {
        "nixpkgs": "nixpkgs"
      }
    }
  },
  "root": "root",
  "version": 7
}
